{
    "_readme": [
        "This file locks the dependencies of your project to a known state",
        "Read more about it at https://getcomposer.org/doc/01-basic-usage.md#installing-dependencies",
        "This file is @generated automatically"
    ],
    "content-hash": "9da10022c0a621c3cb01869ad0823006",
    "packages": [
        {
            "name": "icanboogie/inflector",
            "version": "v1.4.4",
            "source": {
                "type": "git",
                "url": "https://github.com/ICanBoogie/Inflector.git",
                "reference": "a875d3c16215327e1a2555592b167ae2591c5c2f"
            },
            "dist": {
                "type": "zip",
                "url": "https://api.github.com/repos/ICanBoogie/Inflector/zipball/a875d3c16215327e1a2555592b167ae2591c5c2f",
                "reference": "a875d3c16215327e1a2555592b167ae2591c5c2f",
                "shasum": ""
            },
            "require": {
                "ext-mbstring": "*",
                "php": ">=5.3.4"
            },
            "type": "library",
            "autoload": {
                "classmap": [
                    "lib/"
                ],
                "files": [
                    "lib/helpers.php"
                ]
            },
            "notification-url": "https://packagist.org/downloads/",
            "license": [
                "BSD-3-Clause"
            ],
            "authors": [
                {
                    "name": "Olivier Laviale",
                    "email": "olivier.laviale@gmail.com",
                    "homepage": "http://www.weirdog.com/",
                    "role": "Developer"
                }
            ],
            "description": "Multilingual inflector that transforms words from singular to plural, underscore to camel case, and more.",
            "homepage": "http://icanboogie.org/",
            "keywords": [
                "camelize",
                "hyphenate",
                "inflect",
                "multilingual",
                "pluralize",
                "singularize",
                "underscore"
            ],
            "time": "2017-06-30T13:16:14+00:00"
        },
        {
            "name": "nezamy/route",
            "version": "v1.2.4",
            "source": {
                "type": "git",
                "url": "https://github.com/nezamy/route.git",
                "reference": "0fe8e7c0a7c2fec7db6821ad828d5cb61b4bd82f"
            },
            "dist": {
                "type": "zip",
                "url": "https://api.github.com/repos/nezamy/route/zipball/0fe8e7c0a7c2fec7db6821ad828d5cb61b4bd82f",
                "reference": "0fe8e7c0a7c2fec7db6821ad828d5cb61b4bd82f",
                "shasum": ""
            },
            "require": {
                "nezamy/support": "1.0.*",
                "php": ">=5.4.0"
            },
            "type": "library",
            "autoload": {
                "psr-4": {
                    "System\\": "system"
                },
                "files": [
                    "system/function.php"
                ]
            },
            "notification-url": "https://packagist.org/downloads/",
            "license": [
                "MIT"
            ],
            "authors": [
                {
                    "name": "Mahmoud Elnezamy",
                    "email": "mahmoud@nezamy.com",
                    "homepage": "http://nezamy.com",
                    "role": "Full Stack Web Developer"
                }
            ],
            "description": "Route - Fast, flexible routing for PHP, enabling you to quickly and easily build RESTful web applications.",
            "homepage": "https://nezamy.com/route",
            "keywords": [
                "api",
                "justframework",
                "restful",
                "route"
            ],
            "time": "2019-03-13T22:07:29+00:00"
        },
        {
            "name": "nezamy/support",
            "version": "v1.0.1",
            "source": {
                "type": "git",
                "url": "https://github.com/nezamy/support.git",
                "reference": "8803292708fbfa857bdd056c9b9dc883adc51414"
            },
            "dist": {
                "type": "zip",
                "url": "https://api.github.com/repos/nezamy/support/zipball/8803292708fbfa857bdd056c9b9dc883adc51414",
                "reference": "8803292708fbfa857bdd056c9b9dc883adc51414",
                "shasum": ""
            },
            "type": "library",
            "autoload": {
                "psr-4": {
                    "System\\Support\\": ""
                }
            },
            "notification-url": "https://packagist.org/downloads/",
            "license": [
                "MIT"
            ],
            "authors": [
                {
                    "name": "Mahmoud Elnezamy",
                    "email": "mahmoud@nezamy.com",
                    "homepage": "http://nezamy.com",
                    "role": "Full Stack Web Developer"
                }
            ],
            "description": "Support",
            "homepage": "https://github.com/nezamy/support",
            "keywords": [
                "framework",
                "justframework",
                "micro",
                "support"
            ],
            "time": "2018-06-04T14:53:46+00:00"
        }
    ],
    "packages-dev": [],
    "aliases": [],
    "minimum-stability": "stable",
    "stability-flags": [],
    "prefer-stable": false,
    "prefer-lowest": false,
    "platform": [],
    "platform-dev": []
}
